
Microsoft Visual Studio Solution File, Format Version 12.00
# Visual Studio Version 17
VisualStudioVersion = 17.0.31903.59
MinimumVisualStudioVersion = 10.0.40219.1
Project("{FAE04EC0-301F-11D3-BF4B-00C04F79EFBC}") = "FEPA.Domain", "FEPA.Domain\FEPA.Domain.csproj", "{F4AF6B4A-2ECB-43A0-BF22-832A0908CEF5}"
EndProject
Project("{FAE04EC0-301F-11D3-BF4B-00C04F79EFBC}") = "FEPA.Application", "FEPA.Application\FEPA.Application.csproj", "{C3B21707-52BE-4DEE-B0E8-1F27376A5CB9}"
EndProject
Project("{FAE04EC0-301F-11D3-BF4B-00C04F79EFBC}") = "FEPA.Infrastructure", "FEPA.Infrastructure\FEPA.Infrastructure.csproj", "{F7D1F550-80C4-4E29-8554-AD00F31EC9B2}"
EndProject
Project("{FAE04EC0-301F-11D3-BF4B-00C04F79EFBC}") = "FEPA.API", "FEPA.API\FEPA.API.csproj", "{1A124DB0-EE27-4A14-B993-FB38E30C4FF0}"
EndProject
Global
	GlobalSection(SolutionConfigurationPlatforms) = preSolution
		Debug|Any CPU = Debug|Any CPU
		Release|Any CPU = Release|Any CPU
	EndGlobalSection
	GlobalSection(SolutionProperties) = preSolution
		HideSolutionNode = FALSE
	EndGlobalSection
	GlobalSection(ProjectConfigurationPlatforms) = postSolution
		{F4AF6B4A-2ECB-43A0-BF22-832A0908CEF5}.Debug|Any CPU.ActiveCfg = Debug|Any CPU
		{F4AF6B4A-2ECB-43A0-BF22-832A0908CEF5}.Debug|Any CPU.Build.0 = Debug|Any CPU
		{F4AF6B4A-2ECB-43A0-BF22-832A0908CEF5}.Release|Any CPU.ActiveCfg = Release|Any CPU
		{F4AF6B4A-2ECB-43A0-BF22-832A0908CEF5}.Release|Any CPU.Build.0 = Release|Any CPU
		{C3B21707-52BE-4DEE-B0E8-1F27376A5CB9}.Debug|Any CPU.ActiveCfg = Debug|Any CPU
		{C3B21707-52BE-4DEE-B0E8-1F27376A5CB9}.Debug|Any CPU.Build.0 = Debug|Any CPU
		{C3B21707-52BE-4DEE-B0E8-1F27376A5CB9}.Release|Any CPU.ActiveCfg = Release|Any CPU
		{C3B21707-52BE-4DEE-B0E8-1F27376A5CB9}.Release|Any CPU.Build.0 = Release|Any CPU
		{F7D1F550-80C4-4E29-8554-AD00F31EC9B2}.Debug|Any CPU.ActiveCfg = Debug|Any CPU
		{F7D1F550-80C4-4E29-8554-AD00F31EC9B2}.Debug|Any CPU.Build.0 = Debug|Any CPU
		{F7D1F550-80C4-4E29-8554-AD00F31EC9B2}.Release|Any CPU.ActiveCfg = Release|Any CPU
		{F7D1F550-80C4-4E29-8554-AD00F31EC9B2}.Release|Any CPU.Build.0 = Release|Any CPU
		{1A124DB0-EE27-4A14-B993-FB38E30C4FF0}.Debug|Any CPU.ActiveCfg = Debug|Any CPU
		{1A124DB0-EE27-4A14-B993-FB38E30C4FF0}.Debug|Any CPU.Build.0 = Debug|Any CPU
		{1A124DB0-EE27-4A14-B993-FB38E30C4FF0}.Release|Any CPU.ActiveCfg = Release|Any CPU
		{1A124DB0-EE27-4A14-B993-FB38E30C4FF0}.Release|Any CPU.Build.0 = Release|Any CPU
	EndGlobalSection
EndGlobal
